
Microsoft Visual Studio Solution File, Format Version 12.00
# Visual Studio Version 17
VisualStudioVersion = 17.12.35527.113
MinimumVisualStudioVersion = 10.0.40219.1
Project("{FAE04EC0-301F-11D3-BF4B-00C04F79EFBC}") = "MathProject", "Employee\MathProject.csproj", "{7B535814-C44B-4399-91AD-CB5894FA2620}"
EndProject
Project("{FAE04EC0-301F-11D3-BF4B-00C04F79EFBC}") = "MathLibrary", "MathLibrary\MathLibrary.csproj", "{4F321D7A-3558-4DCF-A2B9-7F6F2600E20E}"
EndProject
Global
	GlobalSection(SolutionConfigurationPlatforms) = preSolution
		Debug|Any CPU = Debug|Any CPU
		Release|Any CPU = Release|Any CPU
	EndGlobalSection
	GlobalSection(ProjectConfigurationPlatforms) = postSolution
		{7B535814-C44B-4399-91AD-CB5894FA2620}.Debug|Any CPU.ActiveCfg = Debug|Any CPU
		{7B535814-C44B-4399-91AD-CB5894FA2620}.Debug|Any CPU.Build.0 = Debug|Any CPU
		{7B535814-C44B-4399-91AD-CB5894FA2620}.Release|Any CPU.ActiveCfg = Release|Any CPU
		{7B535814-C44B-4399-91AD-CB5894FA2620}.Release|Any CPU.Build.0 = Release|Any CPU
		{4F321D7A-3558-4DCF-A2B9-7F6F2600E20E}.Debug|Any CPU.ActiveCfg = Debug|Any CPU
		{4F321D7A-3558-4DCF-A2B9-7F6F2600E20E}.Debug|Any CPU.Build.0 = Debug|Any CPU
		{4F321D7A-3558-4DCF-A2B9-7F6F2600E20E}.Release|Any CPU.ActiveCfg = Release|Any CPU
		{4F321D7A-3558-4DCF-A2B9-7F6F2600E20E}.Release|Any CPU.Build.0 = Release|Any CPU
	EndGlobalSection
	GlobalSection(SolutionProperties) = preSolution
		HideSolutionNode = FALSE
	EndGlobalSection
EndGlobal
